{
  "name": "hospital",
  "lockfileVersion": 3,
  "requires": true,
  "packages": {
    "": {
      "name": "hospital",
      "dependencies": {
        "@angular/material-date-fns-adapter": "^18.2.8",
        "@ngx-translate/core": "^15.0.0",
        "@ngx-translate/http-loader": "^8.0.0",
        "date-fns": "^4.1.0"
      }
    },
    "node_modules/@angular/animations": {
      "version": "18.2.8",
      "resolved": "https://registry.npmjs.org/@angular/animations/-/animations-18.2.8.tgz",
      "integrity": "sha512-dMSn2hg70siv3lhP+vqhMbgc923xw6XBUvnpCPEzhZqFHvPXfh/LubmsD5RtqHmjWebXtgVcgS+zg3Gq3jB2lg==",
      "peer": true,
      "dependencies": {
        "tslib": "^2.3.0"
      },
      "engines": {
        "node": "^18.19.1 || ^20.11.1 || >=22.0.0"
      },
      "peerDependencies": {
        "@angular/core": "18.2.8"
      }
    },
    "node_modules/@angular/cdk": {
      "version": "18.2.8",
      "resolved": "https://registry.npmjs.org/@angular/cdk/-/cdk-18.2.8.tgz",
      "integrity": "sha512-J8A2FkwTBzLleAEWz6EgW73dEoeq87GREBPjTv8+2JV09LX+V3hnbgNk6zWq5k4OXtQNg9WrWP9QyRbUyA597g==",
      "peer": true,
      "dependencies": {
        "tslib": "^2.3.0"
      },
      "optionalDependencies": {
        "parse5": "^7.1.2"
      },
      "peerDependencies": {
        "@angular/common": "^18.0.0 || ^19.0.0",
        "@angular/core": "^18.0.0 || ^19.0.0",
        "rxjs": "^6.5.3 || ^7.4.0"
      }
    },
    "node_modules/@angular/common": {
      "version": "18.2.8",
      "resolved": "https://registry.npmjs.org/@angular/common/-/common-18.2.8.tgz",
      "integrity": "sha512-TYsKtE5nVaIScWSLGSO34Skc+s3hB/BujSddnfQHoNFvPT/WR0dfmdlpVCTeLj+f50htFoMhW11tW99PbK+whQ==",
      "peer": true,
      "dependencies": {
        "tslib": "^2.3.0"
      },
      "engines": {
        "node": "^18.19.1 || ^20.11.1 || >=22.0.0"
      },
      "peerDependencies": {
        "@angular/core": "18.2.8",
        "rxjs": "^6.5.3 || ^7.4.0"
      }
    },
    "node_modules/@angular/core": {
      "version": "18.2.8",
      "resolved": "https://registry.npmjs.org/@angular/core/-/core-18.2.8.tgz",
      "integrity": "sha512-NwIuX/Iby1jT6Iv1/s6S3wOFf8xfuQR3MPGvKhGgNtjXLbHG+TXceK9+QPZC0s9/Z8JR/hz+li34B79GrIKgUg==",
      "peer": true,
      "dependencies": {
        "tslib": "^2.3.0"
      },
      "engines": {
        "node": "^18.19.1 || ^20.11.1 || >=22.0.0"
      },
      "peerDependencies": {
        "rxjs": "^6.5.3 || ^7.4.0",
        "zone.js": "~0.14.10"
      }
    },
    "node_modules/@angular/forms": {
      "version": "18.2.8",
      "resolved": "https://registry.npmjs.org/@angular/forms/-/forms-18.2.8.tgz",
      "integrity": "sha512-JCLki7KC6D5vF6dE6yGlBmW33khIgpHs8N9SzuiJtkQqNDTIQA8cPsGV6qpLpxflxASynQOX5lDkWYdQyfm77Q==",
      "peer": true,
      "dependencies": {
        "tslib": "^2.3.0"
      },
      "engines": {
        "node": "^18.19.1 || ^20.11.1 || >=22.0.0"
      },
      "peerDependencies": {
        "@angular/common": "18.2.8",
        "@angular/core": "18.2.8",
        "@angular/platform-browser": "18.2.8",
        "rxjs": "^6.5.3 || ^7.4.0"
      }
    },
    "node_modules/@angular/material": {
      "version": "18.2.8",
      "resolved": "https://registry.npmjs.org/@angular/material/-/material-18.2.8.tgz",
      "integrity": "sha512-wQGMVsfQ9lQfih2VsWAvV4z3S3uBxrxc61owlE+K0T1BxH9u/jo3A/rnRitIdvR/L4NnYlfhCnmrW9K+Pl+WCg==",
      "peer": true,
      "dependencies": {
        "tslib": "^2.3.0"
      },
      "peerDependencies": {
        "@angular/animations": "^18.0.0 || ^19.0.0",
        "@angular/cdk": "18.2.8",
        "@angular/common": "^18.0.0 || ^19.0.0",
        "@angular/core": "^18.0.0 || ^19.0.0",
        "@angular/forms": "^18.0.0 || ^19.0.0",
        "@angular/platform-browser": "^18.0.0 || ^19.0.0",
        "rxjs": "^6.5.3 || ^7.4.0"
      }
    },
    "node_modules/@angular/material-date-fns-adapter": {
      "version": "18.2.8",
      "resolved": "https://registry.npmjs.org/@angular/material-date-fns-adapter/-/material-date-fns-adapter-18.2.8.tgz",
      "integrity": "sha512-+x/xXUsati4q/KleRSS9H2x8hmNmGJgDRGX0ytF8et2PGlfvIWwiIyXAA8JjXwseVUx+sUyo3gGV7iZQRX2HYA==",
      "dependencies": {
        "tslib": "^2.3.0"
      },
      "peerDependencies": {
        "@angular/core": "^18.0.0 || ^19.0.0",
        "@angular/material": "18.2.8",
        "date-fns": ">2.20.0 <4.0"
      }
    },
    "node_modules/@angular/platform-browser": {
      "version": "18.2.8",
      "resolved": "https://registry.npmjs.org/@angular/platform-browser/-/platform-browser-18.2.8.tgz",
      "integrity": "sha512-EPai4ZPqSq3ilLJUC85kPi9wo5j5suQovwtgRyjM/75D9Qy4TV19g8hkVM5Co/zrltO8a2G6vDscCNI5BeGw2A==",
      "peer": true,
      "dependencies": {
        "tslib": "^2.3.0"
      },
      "engines": {
        "node": "^18.19.1 || ^20.11.1 || >=22.0.0"
      },
      "peerDependencies": {
        "@angular/animations": "18.2.8",
        "@angular/common": "18.2.8",
        "@angular/core": "18.2.8"
      },
      "peerDependenciesMeta": {
        "@angular/animations": {
          "optional": true
        }
      }
    },
    "node_modules/@ngx-translate/core": {
      "version": "15.0.0",
      "resolved": "https://registry.npmjs.org/@ngx-translate/core/-/core-15.0.0.tgz",
      "integrity": "sha512-Am5uiuR0bOOxyoercDnAA3rJVizo4RRqJHo8N3RqJ+XfzVP/I845yEnMADykOHvM6HkVm4SZSnJBOiz0Anx5BA==",
      "license": "SEE LICENSE IN LICENSE",
      "engines": {
        "node": "^16.13.0 || >=18.10.0"
      },
      "peerDependencies": {
        "@angular/common": ">=16.0.0",
        "@angular/core": ">=16.0.0",
        "rxjs": "^6.5.5 || ^7.4.0"
      }
    },
    "node_modules/@ngx-translate/http-loader": {
      "version": "8.0.0",
      "resolved": "https://registry.npmjs.org/@ngx-translate/http-loader/-/http-loader-8.0.0.tgz",
      "integrity": "sha512-SFMsdUcmHF5OdZkL1CHEoSAwbP5EbAOPTLLboOCRRoOg21P4GJx+51jxGdJeGve6LSKLf4Pay7BkTwmE6vxYlg==",
      "license": "SEE LICENSE IN LICENSE",
      "engines": {
        "node": "^16.13.0 || >=18.10.0"
      },
      "peerDependencies": {
        "@angular/common": ">=16.0.0",
        "@angular/core": ">=16.0.0",
        "@ngx-translate/core": ">=15.0.0",
        "rxjs": "^6.5.5 || ^7.4.0"
      }
    },
    "node_modules/date-fns": {
      "version": "4.1.0",
      "resolved": "https://registry.npmjs.org/date-fns/-/date-fns-4.1.0.tgz",
      "integrity": "sha512-Ukq0owbQXxa/U3EGtsdVBkR1w7KOQ5gIBqdH2hkvknzZPYvBxb/aa6E8L7tmjFtkwZBu3UXBbjIgPo/Ez4xaNg==",
      "funding": {
        "type": "github",
        "url": "https://github.com/sponsors/kossnocorp"
      }
    },
    "node_modules/entities": {
      "version": "4.5.0",
      "resolved": "https://registry.npmjs.org/entities/-/entities-4.5.0.tgz",
      "integrity": "sha512-V0hjH4dGPh9Ao5p0MoRY6BVqtwCjhz6vI5LT8AJ55H+4g9/4vbHx1I54fS0XuclLhDHArPQCiMjDxjaL8fPxhw==",
      "optional": true,
      "peer": true,
      "engines": {
        "node": ">=0.12"
      },
      "funding": {
        "url": "https://github.com/fb55/entities?sponsor=1"
      }
    },
    "node_modules/parse5": {
      "version": "7.1.2",
      "resolved": "https://registry.npmjs.org/parse5/-/parse5-7.1.2.tgz",
      "integrity": "sha512-Czj1WaSVpaoj0wbhMzLmWD69anp2WH7FXMB9n1Sy8/ZFF9jolSQVMu1Ij5WIyGmcBmhk7EOndpO4mIpihVqAXw==",
      "optional": true,
      "peer": true,
      "dependencies": {
        "entities": "^4.4.0"
      },
      "funding": {
        "url": "https://github.com/inikulin/parse5?sponsor=1"
      }
    },
    "node_modules/rxjs": {
      "version": "7.8.1",
      "resolved": "https://registry.npmjs.org/rxjs/-/rxjs-7.8.1.tgz",
      "integrity": "sha512-AA3TVj+0A2iuIoQkWEK/tqFjBq2j+6PO6Y0zJcvzLAFhEFIO3HL0vls9hWLncZbAAbK0mar7oZ4V079I/qPMxg==",
      "license": "Apache-2.0",
      "peer": true,
      "dependencies": {
        "tslib": "^2.1.0"
      }
    },
    "node_modules/tslib": {
      "version": "2.7.0",
      "resolved": "https://registry.npmjs.org/tslib/-/tslib-2.7.0.tgz",
      "integrity": "sha512-gLXCKdN1/j47AiHiOkJN69hJmcbGTHI0ImLmbYLHykhgeN0jVGola9yVjFgzCUklsZQMW55o+dW7IXv3RCXDzA==",
      "license": "0BSD"
    },
    "node_modules/zone.js": {
      "version": "0.14.10",
      "resolved": "https://registry.npmjs.org/zone.js/-/zone.js-0.14.10.tgz",
      "integrity": "sha512-YGAhaO7J5ywOXW6InXNlLmfU194F8lVgu7bRntUF3TiG8Y3nBK0x1UJJuHUP/e8IyihkjCYqhCScpSwnlaSRkQ==",
      "license": "MIT",
      "peer": true
    }
  }
}
